// !$*UTF8*$!
{
	archiveVersion = 1;
	classes = {
	};
	objectVersion = 46;
	objects = {

/* Begin PBXBuildFile section */
		FF9E6A501A3CFD9C009FEA69 /* main.m in Sources */ = {isa = PBXBuildFile; fileRef = FF9E6A4F1A3CFD9C009FEA69 /* main.m */; };
		FF9E6A611A3CFD9C009FEA69 /* Reach__Final_Project_Tests.m in Sources */ = {isa = PBXBuildFile; fileRef = FF9E6A601A3CFD9C009FEA69 /* Reach__Final_Project_Tests.m */; };
		FF9E6A6D1A3CFDC4009FEA69 /* AppDelegate.m in Sources */ = {isa = PBXBuildFile; fileRef = FF9E6A6B1A3CFDC4009FEA69 /* AppDelegate.m */; };
		FF9E6A6E1A3CFDC4009FEA69 /* MainMenu.xib in Resources */ = {isa = PBXBuildFile; fileRef = FF9E6A6C1A3CFDC4009FEA69 /* MainMenu.xib */; };
/* End PBXBuildFile section */

/* Begin PBXContainerItemProxy section */
		FF9E6A5B1A3CFD9C009FEA69 /* PBXContainerItemProxy */ = {
			isa = PBXContainerItemProxy;
			containerPortal = FF9E6A3F1A3CFD9C009FEA69 /* Project object */;
			proxyType = 1;
			remoteGlobalIDString = FF9E6A461A3CFD9C009FEA69;
			remoteInfo = "Reach (Final Project)";
		};
/* End PBXContainerItemProxy section */

/* Begin PBXFileReference section */
		FF9E6A471A3CFD9C009FEA69 /* Reach (Final Project).app */ = {isa = PBXFileReference; explicitFileType = wrapper.application; includeInIndex = 0; path = "Reach (Final Project).app"; sourceTree = BUILT_PRODUCTS_DIR; };
		FF9E6A4B1A3CFD9C009FEA69 /* Info.plist */ = {isa = PBXFileReference; lastKnownFileType = text.plist.xml; path = Info.plist; sourceTree = "<group>"; };
		FF9E6A4F1A3CFD9C009FEA69 /* main.m */ = {isa = PBXFileReference; lastKnownFileType = sourcecode.c.objc; path = main.m; sourceTree = "<group>"; };
		FF9E6A5A1A3CFD9C009FEA69 /* Reach (Final Project)Tests.xctest */ = {isa = PBXFileReference; explicitFileType = wrapper.cfbundle; includeInIndex = 0; path = "Reach (Final Project)Tests.xctest"; sourceTree = BUILT_PRODUCTS_DIR; };
		FF9E6A5F1A3CFD9C009FEA69 /* Info.plist */ = {isa = PBXFileReference; lastKnownFileType = text.plist.xml; path = Info.plist; sourceTree = "<group>"; };
		FF9E6A601A3CFD9C009FEA69 /* Reach__Final_Project_Tests.m */ = {isa = PBXFileReference; lastKnownFileType = sourcecode.c.objc; path = Reach__Final_Project_Tests.m; sourceTree = "<group>"; };
		FF9E6A6A1A3CFDC4009FEA69 /* AppDelegate.h */ = {isa = PBXFileReference; fileEncoding = 4; lastKnownFileType = sourcecode.c.h; path = AppDelegate.h; sourceTree = "<group>"; };
		FF9E6A6B1A3CFDC4009FEA69 /* AppDelegate.m */ = {isa = PBXFileReference; fileEncoding = 4; lastKnownFileType = sourcecode.c.objc; path = AppDelegate.m; sourceTree = "<group>"; };
		FF9E6A6C1A3CFDC4009FEA69 /* MainMenu.xib */ = {isa = PBXFileReference; fileEncoding = 4; lastKnownFileType = file.xib; path = MainMenu.xib; sourceTree = "<group>"; };
/* End PBXFileReference section */

/* Begin PBXFrameworksBuildPhase section */
		FF9E6A441A3CFD9C009FEA69 /* Frameworks */ = {
			isa = PBXFrameworksBuildPhase;
			buildActionMask = 2147483647;
			files = (
			);
			runOnlyForDeploymentPostprocessing = 0;
		};
		FF9E6A571A3CFD9C009FEA69 /* Frameworks */ = {
			isa = PBXFrameworksBuildPhase;
			buildActionMask = 2147483647;
			files = (
			);
			runOnlyForDeploymentPostprocessing = 0;
		};
/* End PBXFrameworksBuildPhase section */

/* Begin PBXGroup section */
		FF9E6A3E1A3CFD9C009FEA69 = {
			isa = PBXGroup;
			children = (
				FF9E6A491A3CFD9C009FEA69 /* Reach (Final Project) */,
				FF9E6A5D1A3CFD9C009FEA69 /* Reach (Final Project)Tests */,
				FF9E6A481A3CFD9C009FEA69 /* Products */,
			);
			sourceTree = "<group>";
		};
		FF9E6A481A3CFD9C009FEA69 /* Products */ = {
			isa = PBXGroup;
			children = (
				FF9E6A471A3CFD9C009FEA69 /* Reach (Final Project).app */,
				FF9E6A5A1A3CFD9C009FEA69 /* Reach (Final Project)Tests.xctest */,
			);
			name = Products;
			sourceTree = "<group>";
		};
		FF9E6A491A3CFD9C009FEA69 /* Reach (Final Project) */ = {
			isa = PBXGroup;
			children = (
				FF9E6A6A1A3CFDC4009FEA69 /* AppDelegate.h */,
				FF9E6A6B1A3CFDC4009FEA69 /* AppDelegate.m */,
				FF9E6A6C1A3CFDC4009FEA69 /* MainMenu.xib */,
				FF9E6A4A1A3CFD9C009FEA69 /* Supporting Files */,
			);
			path = "Reach (Final Project)";
			sourceTree = "<group>";
		};
		FF9E6A4A1A3CFD9C009FEA69 /* Supporting Files */ = {
			isa = PBXGroup;
			children = (
				FF9E6A4B1A3CFD9C009FEA69 /* Info.plist */,
				FF9E6A4F1A3CFD9C009FEA69 /* main.m */,
			);
			name = "Supporting Files";
			sourceTree = "<group>";
		};
		FF9E6A5D1A3CFD9C009FEA69 /* Reach (Final Project)Tests */ = {
			isa = PBXGroup;
			children = (
				FF9E6A601A3CFD9C009FEA69 /* Reach__Final_Project_Tests.m */,
				FF9E6A5E1A3CFD9C009FEA69 /* Supporting Files */,
			);
			path = "Reach (Final Project)Tests";
			sourceTree = "<group>";
		};
		FF9E6A5E1A3CFD9C009FEA69 /* Supporting Files */ = {
			isa = PBXGroup;
			children = (
				FF9E6A5F1A3CFD9C009FEA69 /* Info.plist */,
			);
			name = "Supporting Files";
			sourceTree = "<group>";
		};
/* End PBXGroup section */

/* Begin PBXNativeTarget section */
		FF9E6A461A3CFD9C009FEA69 /* Reach (Final Project) */ = {
			isa = PBXNativeTarget;
			buildConfigurationList = FF9E6A641A3CFD9C009FEA69 /* Build configuration list for PBXNativeTarget "Reach (Final Project)" */;
			buildPhases = (
				FF9E6A431A3CFD9C009FEA69 /* Sources */,
				FF9E6A441A3CFD9C009FEA69 /* Frameworks */,
				FF9E6A451A3CFD9C009FEA69 /* Resources */,
			);
			buildRules = (
			);
			dependencies = (
			);
			name = "Reach (Final Project)";
			productName = "Reach (Final Project)";
			productReference = FF9E6A471A3CFD9C009FEA69 /* Reach (Final Project).app */;
			productType = "com.apple.product-type.application";
		};
		FF9E6A591A3CFD9C009FEA69 /* Reach (Final Project)Tests */ = {
			isa = PBXNativeTarget;
			buildConfigurationList = FF9E6A671A3CFD9C009FEA69 /* Build configuration list for PBXNativeTarget "Reach (Final Project)Tests" */;
			buildPhases = (
				FF9E6A561A3CFD9C009FEA69 /* Sources */,
				FF9E6A571A3CFD9C009FEA69 /* Frameworks */,
				FF9E6A581A3CFD9C009FEA69 /* Resources */,
			);
			buildRules = (
			);
			dependencies = (
				FF9E6A5C1A3CFD9C009FEA69 /* PBXTargetDependency */,
			);
			name = "Reach (Final Project)Tests";
			productName = "Reach (Final Project)Tests";
			productReference = FF9E6A5A1A3CFD9C009FEA69 /* Reach (Final Project)Tests.xctest */;
			productType = "com.apple.product-type.bundle.unit-test";
		};
/* End PBXNativeTarget section */

/* Begin PBXProject section */
		FF9E6A3F1A3CFD9C009FEA69 /* Project object */ = {
			isa = PBXProject;
			attributes = {
				LastUpgradeCheck = 0610;
				ORGANIZATIONNAME = "Bhavik Parikh";
				TargetAttributes = {
					FF9E6A461A3CFD9C009FEA69 = {
						CreatedOnToolsVersion = 6.1.1;
					};
					FF9E6A591A3CFD9C009FEA69 = {
						CreatedOnToolsVersion = 6.1.1;
						TestTargetID = FF9E6A461A3CFD9C009FEA69;
					};
				};
			};
			buildConfigurationList = FF9E6A421A3CFD9C009FEA69 /* Build configuration list for PBXProject "Reach (Final Project)" */;
			compatibilityVersion = "Xcode 3.2";
			developmentRegion = English;
			hasScannedForEncodings = 0;
			knownRegions = (
				en,
				Base,
			);
			mainGroup = FF9E6A3E1A3CFD9C009FEA69;
			productRefGroup = FF9E6A481A3CFD9C009FEA69 /* Products */;
			projectDirPath = "";
			projectRoot = "";
			targets = (
				FF9E6A461A3CFD9C009FEA69 /* Reach (Final Project) */,
				FF9E6A591A3CFD9C009FEA69 /* Reach (Final Project)Tests */,
			);
		};
/* End PBXProject section */

/* Begin PBXResourcesBuildPhase section */
		FF9E6A451A3CFD9C009FEA69 /* Resources */ = {
			isa = PBXResourcesBuildPhase;
			buildActionMask = 2147483647;
			files = (
				FF9E6A6E1A3CFDC4009FEA69 /* MainMenu.xib in Resources */,
			);
			runOnlyForDeploymentPostprocessing = 0;
		};
		FF9E6A581A3CFD9C009FEA69 /* Resources */ = {
			isa = PBXResourcesBuildPhase;
			buildActionMask = 2147483647;
			files = (
			);
			runOnlyForDeploymentPostprocessing = 0;
		};
/* End PBXResourcesBuildPhase section */

/* Begin PBXSourcesBuildPhase section */
		FF9E6A431A3CFD9C009FEA69 /* Sources */ = {
			isa = PBXSourcesBuildPhase;
			buildActionMask = 2147483647;
			files = (
				FF9E6A6D1A3CFDC4009FEA69 /* AppDelegate.m in Sources */,
				FF9E6A501A3CFD9C009FEA69 /* main.m in Sources */,
			);
			runOnlyForDeploymentPostprocessing = 0;
		};
		FF9E6A561A3CFD9C009FEA69 /* Sources */ = {
			isa = PBXSourcesBuildPhase;
			buildActionMask = 2147483647;
			files = (
				FF9E6A611A3CFD9C009FEA69 /* Reach__Final_Project_Tests.m in Sources */,
			);
			runOnlyForDeploymentPostprocessing = 0;
		};
/* End PBXSourcesBuildPhase section */

/* Begin PBXTargetDependency section */
		FF9E6A5C1A3CFD9C009FEA69 /* PBXTargetDependency */ = {
			isa = PBXTargetDependency;
			target = FF9E6A461A3CFD9C009FEA69 /* Reach (Final Project) */;
			targetProxy = FF9E6A5B1A3CFD9C009FEA69 /* PBXContainerItemProxy */;
		};
/* End PBXTargetDependency section */

/* Begin XCBuildConfiguration section */
		FF9E6A621A3CFD9C009FEA69 /* Debug */ = {
			isa = XCBuildConfiguration;
			buildSettings = {
				ALWAYS_SEARCH_USER_PATHS = NO;
				CLANG_CXX_LANGUAGE_STANDARD = "gnu++0x";
				CLANG_CXX_LIBRARY = "libc++";
				CLANG_ENABLE_MODULES = YES;
				CLANG_ENABLE_OBJC_ARC = YES;
				CLANG_WARN_BOOL_CONVERSION = YES;
				CLANG_WARN_CONSTANT_CONVERSION = YES;
				CLANG_WARN_DIRECT_OBJC_ISA_USAGE = YES_ERROR;
				CLANG_WARN_EMPTY_BODY = YES;
				CLANG_WARN_ENUM_CONVERSION = YES;
				CLANG_WARN_INT_CONVERSION = YES;
				CLANG_WARN_OBJC_ROOT_CLASS = YES_ERROR;
				CLANG_WARN_UNREACHABLE_CODE = YES;
				CLANG_WARN__DUPLICATE_METHOD_MATCH = YES;
				CODE_SIGN_IDENTITY = "-";
				COPY_PHASE_STRIP = NO;
				ENABLE_STRICT_OBJC_MSGSEND = YES;
				GCC_C_LANGUAGE_STANDARD = gnu99;
				GCC_DYNAMIC_NO_PIC = NO;
				GCC_OPTIMIZATION_LEVEL = 0;
				GCC_PREPROCESSOR_DEFINITIONS = (
					"DEBUG=1",
					"$(inherited)",
				);
				GCC_SYMBOLS_PRIVATE_EXTERN = NO;
				GCC_WARN_64_TO_32_BIT_CONVERSION = YES;
				GCC_WARN_ABOUT_RETURN_TYPE = YES_ERROR;
				GCC_WARN_UNDECLARED_SELECTOR = YES;
				GCC_WARN_UNINITIALIZED_AUTOS = YES_AGGRESSIVE;
				GCC_WARN_UNUSED_FUNCTION = YES;
				GCC_WARN_UNUSED_VARIABLE = YES;
				MACOSX_DEPLOYMENT_TARGET = 10.10;
				MTL_ENABLE_DEBUG_INFO = YES;
				ONLY_ACTIVE_ARCH = YES;
				SDKROOT = macosx;
			};
			name = Debug;
		};
		FF9E6A631A3CFD9C009FEA69 /* Release */ = {
			isa = XCBuildConfiguration;
			buildSettings = {
				ALWAYS_SEARCH_USER_PATHS = NO;
				CLANG_CXX_LANGUAGE_STANDARD = "gnu++0x";
				CLANG_CXX_LIBRARY = "libc++";
				CLANG_ENABLE_MODULES = YES;
				CLANG_ENABLE_OBJC_ARC = YES;
				CLANG_WARN_BOOL_CONVERSION = YES;
				CLANG_WARN_CONSTANT_CONVERSION = YES;
				CLANG_WARN_DIRECT_OBJC_ISA_USAGE = YES_ERROR;
				CLANG_WARN_EMPTY_BODY = YES;
				CLANG_WARN_ENUM_CONVERSION = YES;
				CLANG_WARN_INT_CONVERSION = YES;
				CLANG_WARN_OBJC_ROOT_CLASS = YES_ERROR;
				CLANG_WARN_UNREACHABLE_CODE = YES;
				CLANG_WARN__DUPLICATE_METHOD_MATCH = YES;
				CODE_SIGN_IDENTITY = "-";
				COPY_PHASE_STRIP = YES;
				DEBUG_INFORMATION_FORMAT = "dwarf-with-dsym";
				ENABLE_NS_ASSERTIONS = NO;
				ENABLE_STRICT_OBJC_MSGSEND = YES;
				GCC_C_LANGUAGE_STANDARD = gnu99;
				GCC_WARN_64_TO_32_BIT_CONVERSION = YES;
				GCC_WARN_ABOUT_RETURN_TYPE = YES_ERROR;
				GCC_WARN_UNDECLARED_SELECTOR = YES;
				GCC_WARN_UNINITIALIZED_AUTOS = YES_AGGRESSIVE;
				GCC_WARN_UNUSED_FUNCTION = YES;
				GCC_WARN_UNUSED_VARIABLE = YES;
				MACOSX_DEPLOYMENT_TARGET = 10.10;
				MTL_ENABLE_DEBUG_INFO = NO;
				SDKROOT = macosx;
			};
			name = Release;
		};
		FF9E6A651A3CFD9C009FEA69 /* Debug */ = {
			isa = XCBuildConfiguration;
			buildSettings = {
				ASSETCATALOG_COMPILER_APPICON_NAME = AppIcon;
				COMBINE_HIDPI_IMAGES = YES;
				DEPLOYMENT_LOCATION = NO;
				DEPLOYMENT_POSTPROCESSING = NO;
				INFOPLIST_FILE = "Reach (Final Project)/Info.plist";
				LD_RUNPATH_SEARCH_PATHS = "$(inherited) @executable_path/../Frameworks";
				MACOSX_DEPLOYMENT_TARGET = "";
				ONLY_ACTIVE_ARCH = YES;
				PRODUCT_NAME = "$(TARGET_NAME)";
				SDKROOT = macosx10.9;
			};
			name = Debug;
		};
		FF9E6A661A3CFD9C009FEA69 /* Release */ = {
			isa = XCBuildConfiguration;
			buildSettings = {
				ASSETCATALOG_COMPILER_APPICON_NAME = AppIcon;
				COMBINE_HIDPI_IMAGES = YES;
				DEPLOYMENT_LOCATION = NO;
				DEPLOYMENT_POSTPROCESSING = NO;
				INFOPLIST_FILE = "Reach (Final Project)/Info.plist";
				LD_RUNPATH_SEARCH_PATHS = "$(inherited) @executable_path/../Frameworks";
				MACOSX_DEPLOYMENT_TARGET = "";
				ONLY_ACTIVE_ARCH = YES;
				PRODUCT_NAME = "$(TARGET_NAME)";
				SDKROOT = macosx10.9;
			};
			name = Release;
		};
		FF9E6A681A3CFD9C009FEA69 /* Debug */ = {
			isa = XCBuildConfiguration;
			buildSettings = {
				BUNDLE_LOADER = "$(TEST_HOST)";
				COMBINE_HIDPI_IMAGES = YES;
				FRAMEWORK_SEARCH_PATHS = (
					"$(DEVELOPER_FRAMEWORKS_DIR)",
					"$(inherited)",
				);
				GCC_PREPROCESSOR_DEFINITIONS = (
					"DEBUG=1",
					"$(inherited)",
				);
				INFOPLIST_FILE = "Reach (Final Project)Tests/Info.plist";
				LD_RUNPATH_SEARCH_PATHS = "$(inherited) @executable_path/../Frameworks @loader_path/../Frameworks";
				PRODUCT_NAME = "$(TARGET_NAME)";
				TEST_HOST = "$(BUILT_PRODUCTS_DIR)/Reach (Final Project).app/Contents/MacOS/Reach (Final Project)";
			};
			name = Debug;
		};
		FF9E6A691A3CFD9C009FEA69 /* Release */ = {
			isa = XCBuildConfiguration;
			buildSettings = {
				BUNDLE_LOADER = "$(TEST_HOST)";
				COMBINE_HIDPI_IMAGES = YES;
				FRAMEWORK_SEARCH_PATHS = (
					"$(DEVELOPER_FRAMEWORKS_DIR)",
					"$(inherited)",
				);
				INFOPLIST_FILE = "Reach (Final Project)Tests/Info.plist";
				LD_RUNPATH_SEARCH_PATHS = "$(inherited) @executable_path/../Frameworks @loader_path/../Frameworks";
				PRODUCT_NAME = "$(TARGET_NAME)";
				TEST_HOST = "$(BUILT_PRODUCTS_DIR)/Reach (Final Project).app/Contents/MacOS/Reach (Final Project)";
			};
			name = Release;
		};
/* End XCBuildConfiguration section */

/* Begin XCConfigurationList section */
		FF9E6A421A3CFD9C009FEA69 /* Build configuration list for PBXProject "Reach (Final Project)" */ = {
			isa = XCConfigurationList;
			buildConfigurations = (
				FF9E6A621A3CFD9C009FEA69 /* Debug */,
				FF9E6A631A3CFD9C009FEA69 /* Release */,
			);
			defaultConfigurationIsVisible = 0;
			defaultConfigurationName = Release;
		};
		FF9E6A641A3CFD9C009FEA69 /* Build configuration list for PBXNativeTarget "Reach (Final Project)" */ = {
			isa = XCConfigurationList;
			buildConfigurations = (
				FF9E6A651A3CFD9C009FEA69 /* Debug */,
				FF9E6A661A3CFD9C009FEA69 /* Release */,
			);
			defaultConfigurationIsVisible = 0;
			defaultConfigurationName = Release;
		};
		FF9E6A671A3CFD9C009FEA69 /* Build configuration list for PBXNativeTarget "Reach (Final Project)Tests" */ = {
			isa = XCConfigurationList;
			buildConfigurations = (
				FF9E6A681A3CFD9C009FEA69 /* Debug */,
				FF9E6A691A3CFD9C009FEA69 /* Release */,
			);
			defaultConfigurationIsVisible = 0;
			defaultConfigurationName = Release;
		};
/* End XCConfigurationList section */
	};
	rootObject = FF9E6A3F1A3CFD9C009FEA69 /* Project object */;
}
